
Microsoft Visual Studio Solution File, Format Version 12.00
# Visual Studio Version 16
VisualStudioVersion = 16.0.31624.102
MinimumVisualStudioVersion = 10.0.40219.1
Project("{FAE04EC0-301F-11D3-BF4B-00C04F79EFBC}") = "ConsoleApp32", "ConsoleApp32.csproj", "{1AACD94B-DB73-4F13-BC9D-ABB3D8153596}"
EndProject
Global
	GlobalSection(SolutionConfigurationPlatforms) = preSolution
		Debug|Any CPU = Debug|Any CPU
		Release|Any CPU = Release|Any CPU
	EndGlobalSection
	GlobalSection(ProjectConfigurationPlatforms) = postSolution
		{1AACD94B-DB73-4F13-BC9D-ABB3D8153596}.Debug|Any CPU.ActiveCfg = Debug|Any CPU
		{1AACD94B-DB73-4F13-BC9D-ABB3D8153596}.Debug|Any CPU.Build.0 = Debug|Any CPU
		{1AACD94B-DB73-4F13-BC9D-ABB3D8153596}.Release|Any CPU.ActiveCfg = Release|Any CPU
		{1AACD94B-DB73-4F13-BC9D-ABB3D8153596}.Release|Any CPU.Build.0 = Release|Any CPU
	EndGlobalSection
	GlobalSection(SolutionProperties) = preSolution
		HideSolutionNode = FALSE
	EndGlobalSection
	GlobalSection(ExtensibilityGlobals) = postSolution
		SolutionGuid = {621728F5-18D3-4D99-9E7B-51507E722024}
	EndGlobalSection
EndGlobal
